
Microsoft Visual Studio Solution File, Format Version 12.00
# Visual Studio Version 16
VisualStudioVersion = 16.0.28803.452
MinimumVisualStudioVersion = 10.0.40219.1
Project("{FAE04EC0-301F-11D3-BF4B-00C04F79EFBC}") = "MizuxeBook", "MizuxeBook\MizuxeBook.csproj", "{1C220817-C3B7-4174-B014-1E5AD75A62CF}"
EndProject
Global
	GlobalSection(SolutionConfigurationPlatforms) = preSolution
		Debug|Any CPU = Debug|Any CPU
		Release|Any CPU = Release|Any CPU
	EndGlobalSection
	GlobalSection(ProjectConfigurationPlatforms) = postSolution
		{1C220817-C3B7-4174-B014-1E5AD75A62CF}.Debug|Any CPU.ActiveCfg = Debug|Any CPU
		{1C220817-C3B7-4174-B014-1E5AD75A62CF}.Debug|Any CPU.Build.0 = Debug|Any CPU
		{1C220817-C3B7-4174-B014-1E5AD75A62CF}.Release|Any CPU.ActiveCfg = Release|Any CPU
		{1C220817-C3B7-4174-B014-1E5AD75A62CF}.Release|Any CPU.Build.0 = Release|Any CPU
	EndGlobalSection
	GlobalSection(SolutionProperties) = preSolution
		HideSolutionNode = FALSE
	EndGlobalSection
	GlobalSection(ExtensibilityGlobals) = postSolution
		SolutionGuid = {E4E9F3ED-C39B-46D3-A529-07CBF4C36553}
	EndGlobalSection
EndGlobal
